
Microsoft Visual Studio Solution File, Format Version 12.00
# Visual Studio Version 16
VisualStudioVersion = 16.0.34301.259
MinimumVisualStudioVersion = 10.0.40219.1
Project("{8BC9CEB8-8B4A-11D0-8D11-00A0C91BC942}") = "18laba1", "18laba1\18laba1.vcxproj", "{9B0B9D4C-FAC3-46F4-84AD-0D6787C635E3}"
EndProject
Global
	GlobalSection(SolutionConfigurationPlatforms) = preSolution
		Debug|x64 = Debug|x64
		Debug|x86 = Debug|x86
		Release|x64 = Release|x64
		Release|x86 = Release|x86
	EndGlobalSection
	GlobalSection(ProjectConfigurationPlatforms) = postSolution
		{9B0B9D4C-FAC3-46F4-84AD-0D6787C635E3}.Debug|x64.ActiveCfg = Debug|x64
		{9B0B9D4C-FAC3-46F4-84AD-0D6787C635E3}.Debug|x64.Build.0 = Debug|x64
		{9B0B9D4C-FAC3-46F4-84AD-0D6787C635E3}.Debug|x86.ActiveCfg = Debug|Win32
		{9B0B9D4C-FAC3-46F4-84AD-0D6787C635E3}.Debug|x86.Build.0 = Debug|Win32
		{9B0B9D4C-FAC3-46F4-84AD-0D6787C635E3}.Release|x64.ActiveCfg = Release|x64
		{9B0B9D4C-FAC3-46F4-84AD-0D6787C635E3}.Release|x64.Build.0 = Release|x64
		{9B0B9D4C-FAC3-46F4-84AD-0D6787C635E3}.Release|x86.ActiveCfg = Release|Win32
		{9B0B9D4C-FAC3-46F4-84AD-0D6787C635E3}.Release|x86.Build.0 = Release|Win32
	EndGlobalSection
	GlobalSection(SolutionProperties) = preSolution
		HideSolutionNode = FALSE
	EndGlobalSection
	GlobalSection(ExtensibilityGlobals) = postSolution
		SolutionGuid = {5AF8580D-C979-4F88-AF4C-B815EE577A43}
	EndGlobalSection
EndGlobal
